
Microsoft Visual Studio Solution File, Format Version 12.00
# Visual Studio 15
VisualStudioVersion = 15.0.27428.2043
MinimumVisualStudioVersion = 10.0.40219.1
Project("{FAE04EC0-301F-11D3-BF4B-00C04F79EFBC}") = "ExternalMouse", "ExternalMouse\ExternalMouse.csproj", "{4F4217F5-6B96-492A-A8D4-DB96202FA854}"
EndProject
Global
	GlobalSection(SolutionConfigurationPlatforms) = preSolution
		Debug|Any CPU = Debug|Any CPU
		Debug|x64 = Debug|x64
		Release|Any CPU = Release|Any CPU
		Release|x64 = Release|x64
	EndGlobalSection
	GlobalSection(ProjectConfigurationPlatforms) = postSolution
		{4F4217F5-6B96-492A-A8D4-DB96202FA854}.Debug|Any CPU.ActiveCfg = Debug|Any CPU
		{4F4217F5-6B96-492A-A8D4-DB96202FA854}.Debug|Any CPU.Build.0 = Debug|Any CPU
		{4F4217F5-6B96-492A-A8D4-DB96202FA854}.Debug|x64.ActiveCfg = Debug|Any CPU
		{4F4217F5-6B96-492A-A8D4-DB96202FA854}.Debug|x64.Build.0 = Debug|Any CPU
		{4F4217F5-6B96-492A-A8D4-DB96202FA854}.Release|Any CPU.ActiveCfg = Release|Any CPU
		{4F4217F5-6B96-492A-A8D4-DB96202FA854}.Release|Any CPU.Build.0 = Release|Any CPU
		{4F4217F5-6B96-492A-A8D4-DB96202FA854}.Release|x64.ActiveCfg = Release|Any CPU
		{4F4217F5-6B96-492A-A8D4-DB96202FA854}.Release|x64.Build.0 = Release|Any CPU
	EndGlobalSection
	GlobalSection(SolutionProperties) = preSolution
		HideSolutionNode = FALSE
	EndGlobalSection
	GlobalSection(ExtensibilityGlobals) = postSolution
		SolutionGuid = {A1B4854D-2C4F-48C9-B1F0-4E690DBF232B}
	EndGlobalSection
EndGlobal
